# THIS IS AN AUTOGENERATED FILE. DO NOT EDIT THIS FILE DIRECTLY.
# yarn lockfile v1


"@sourcegraph/prettierrc@^1.1.0":
  version "1.1.0"
  resolved "https://registry.npmjs.org/@sourcegraph/prettierrc/-/prettierrc-1.1.0.tgz#c6ef288b1809e1b34bbca173c95b63ff142b255e"
  integrity sha512-X6ukGWyNfiquRlBsISFdrkdA9kBKaFb2CM2aYWkRbdghvDI5SkGJxXiCmQ5DEaMnuxfeeoUg0DBTGdoqraE6XQ==

prettier@^1.7.4:
  version "1.19.1"
  resolved "https://registry.npmjs.org/prettier/-/prettier-1.19.1.tgz#f7d7f5ff8a9cd872a7be4ca142095956a60797cb"
  integrity sha512-s7PoyDv/II1ObgQunCbB9PdLmUcBZcnWOcxDh7O0N/UwDEsHyqkW+Qh28jW+mVuCdx7gLB0BotYI1Y6uI9iyew==
